{
  "name": "ordenador",
  "version": "1.0.0",
  "lockfileVersion": 3,
  "requires": true,
  "packages": {
    "": {
      "name": "ordenador",
      "version": "1.0.0",
      "license": "ISC",
      "dependencies": {
        "@fontsource-variable/rubik": "^5.0.22"
      }
    },
    "node_modules/@fontsource-variable/rubik": {
      "version": "5.0.22",
      "resolved": "https://registry.npmjs.org/@fontsource-variable/rubik/-/rubik-5.0.22.tgz",
      "integrity": "sha512-QwMlj57+k5+IsShA8q6FECU6zlR4CIm4TAy49GIIiMxxpmRwDXbMynrTp2kBNZmlN4b/myXzSRBnI2DXmnWBJA=="
    }
  }
}
